
Microsoft Visual Studio Solution File, Format Version 12.00
# Visual Studio Version 17
VisualStudioVersion = 17.7.34031.279
MinimumVisualStudioVersion = 10.0.40219.1
Project("{9A19103F-16F7-4668-BE54-9A1E7A4F7556}") = "DatabaseHanlder", "DatabaseHanlder\DatabaseHanlder.csproj", "{FAB86831-74BB-4D1B-A53B-E39228B655C8}"
EndProject
Project("{9A19103F-16F7-4668-BE54-9A1E7A4F7556}") = "DP_WebApi", "DP_WebApi\DP_WebApi.csproj", "{2413B900-AC91-4351-B4FB-D9784D20F286}"
EndProject
Project("{FAE04EC0-301F-11D3-BF4B-00C04F79EFBC}") = "Frontend", "Frontend\Frontend.csproj", "{24142240-642F-4914-AECE-FE0F6BEDCC43}"
EndProject
Global
	GlobalSection(SolutionConfigurationPlatforms) = preSolution
		Debug|Any CPU = Debug|Any CPU
		Release|Any CPU = Release|Any CPU
	EndGlobalSection
	GlobalSection(ProjectConfigurationPlatforms) = postSolution
		{FAB86831-74BB-4D1B-A53B-E39228B655C8}.Debug|Any CPU.ActiveCfg = Debug|Any CPU
		{FAB86831-74BB-4D1B-A53B-E39228B655C8}.Debug|Any CPU.Build.0 = Debug|Any CPU
		{FAB86831-74BB-4D1B-A53B-E39228B655C8}.Release|Any CPU.ActiveCfg = Release|Any CPU
		{FAB86831-74BB-4D1B-A53B-E39228B655C8}.Release|Any CPU.Build.0 = Release|Any CPU
		{2413B900-AC91-4351-B4FB-D9784D20F286}.Debug|Any CPU.ActiveCfg = Debug|Any CPU
		{2413B900-AC91-4351-B4FB-D9784D20F286}.Debug|Any CPU.Build.0 = Debug|Any CPU
		{2413B900-AC91-4351-B4FB-D9784D20F286}.Release|Any CPU.ActiveCfg = Release|Any CPU
		{2413B900-AC91-4351-B4FB-D9784D20F286}.Release|Any CPU.Build.0 = Release|Any CPU
		{24142240-642F-4914-AECE-FE0F6BEDCC43}.Debug|Any CPU.ActiveCfg = Debug|Any CPU
		{24142240-642F-4914-AECE-FE0F6BEDCC43}.Debug|Any CPU.Build.0 = Debug|Any CPU
		{24142240-642F-4914-AECE-FE0F6BEDCC43}.Release|Any CPU.ActiveCfg = Release|Any CPU
		{24142240-642F-4914-AECE-FE0F6BEDCC43}.Release|Any CPU.Build.0 = Release|Any CPU
	EndGlobalSection
	GlobalSection(SolutionProperties) = preSolution
		HideSolutionNode = FALSE
	EndGlobalSection
	GlobalSection(ExtensibilityGlobals) = postSolution
		SolutionGuid = {417EE683-D765-4E4E-ACBD-4DFB3A5CC05C}
	EndGlobalSection
EndGlobal
